[[package]]
name = "adafruit-board-toolkit"
version = "1.1.0"
description = "CircuitPython board identification and information"
category = "main"
optional = false
python-versions = ">=3.5.0"

[package.dependencies]
pyserial = "*"

[[package]]
name = "pygetwindow"
version = "0.0.9"
description = "A simple, cross-platform module for obtaining GUI information on application's windows."
category = "main"
optional = false
python-versions = "*"

[package.dependencies]
pyrect = "*"

[[package]]
name = "pyrect"
version = "0.2.0"
description = "PyRect is a simple module with a Rect class for Pygame-like rectangular areas."
category = "main"
optional = false
python-versions = "*"

[[package]]
name = "pyserial"
version = "3.5"
description = "Python Serial Port Extension"
category = "main"
optional = false
python-versions = "*"

[package.extras]
cp2110 = ["hidapi"]

[[package]]
name = "schedule"
version = "1.1.0"
description = "Job scheduling for humans."
category = "main"
optional = false
python-versions = ">=3.6"

[metadata]
lock-version = "1.1"
python-versions = "^3.9"
content-hash = "9f1d6b02857b396b2ed5ccc4716176630a82fc4cef0b7fca949f213c48a723d5"

[metadata.files]
adafruit-board-toolkit = [
    {file = "adafruit-board-toolkit-1.1.0.tar.gz", hash = "sha256:61e19c30854764230138f4c1d65bf3b5d6ef22866396b231df7123a5a2507f27"},
]
pygetwindow = [
    {file = "PyGetWindow-0.0.9.tar.gz", hash = "sha256:17894355e7d2b305cd832d717708384017c1698a90ce24f6f7fbf0242dd0a688"},
]
pyrect = [
    {file = "PyRect-0.2.0.tar.gz", hash = "sha256:f65155f6df9b929b67caffbd57c0947c5ae5449d3b580d178074bffb47a09b78"},
]
pyserial = [
    {file = "pyserial-3.5-py2.py3-none-any.whl", hash = "sha256:c4451db6ba391ca6ca299fb3ec7bae67a5c55dde170964c7a14ceefec02f2cf0"},
    {file = "pyserial-3.5.tar.gz", hash = "sha256:3c77e014170dfffbd816e6ffc205e9842efb10be9f58ec16d3e8675b4925cddb"},
]
schedule = [
    {file = "schedule-1.1.0-py2.py3-none-any.whl", hash = "sha256:617adce8b4bf38c360b781297d59918fbebfb2878f1671d189f4f4af5d0567a4"},
    {file = "schedule-1.1.0.tar.gz", hash = "sha256:e6ca13585e62c810e13a08682e0a6a8ad245372e376ba2b8679294f377dfc8e4"},
]
